<Solution>
  <Folder Name="/src/">
    <Project Path="src/CreditEngine.Api/CreditEngine.Api.csproj" />
    <Project Path="src/CreditEngine.Application/CreditEngine.Application.csproj" />
    <Project Path="src/CreditEngine.Domain/CreditEngine.Domain.csproj" />
    <Project Path="src/CreditEngine.Infrastructure/CreditEngine.Infrastructure.csproj" />
  </Folder>
  <Folder Name="/tests/">
    <Project Path="tests/CreditEngine.Api.IntegrationTests/CreditEngine.Api.IntegrationTests.csproj" />
    <Project Path="tests/CreditEngine.Domain.Tests/CreditEngine.Domain.Tests.csproj" />
    <Project Path="tests/CreditEngine.Infrastructure.Tests/CreditEngine.Infrastructure.Tests.csproj" />
  </Folder>
</Solution>
